// !$*UTF8*$!
{
	archiveVersion = 1;
	classes = {
	};
	objectVersion = 56;
	objects = {

/* Begin PBXBuildFile section */
		0CAF4CFD2C52B29D0054D347 /* SurfModel.swift in Sources */ = {isa = PBXBuildFile; fileRef = 0CAF4CFC2C52B29D0054D347 /* SurfModel.swift */; };
		21588AED2C5BA95E003E3489 /* SDCheckView.swift in Sources */ = {isa = PBXBuildFile; fileRef = 21588AEC2C5BA95E003E3489 /* SDCheckView.swift */; };
		21588AEF2C5BB312003E3489 /* FirebaseObservable.swift in Sources */ = {isa = PBXBuildFile; fileRef = 21588AEE2C5BB312003E3489 /* FirebaseObservable.swift */; };
		21B0802D2C4D0834007BC655 /* _024_MC3_Team4_NewTApp.swift in Sources */ = {isa = PBXBuildFile; fileRef = 21B0802C2C4D0834007BC655 /* _024_MC3_Team4_NewTApp.swift */; };
		21B080312C4D0836007BC655 /* Assets.xcassets in Resources */ = {isa = PBXBuildFile; fileRef = 21B080302C4D0836007BC655 /* Assets.xcassets */; };
		21B080342C4D0836007BC655 /* Preview Assets.xcassets in Resources */ = {isa = PBXBuildFile; fileRef = 21B080332C4D0836007BC655 /* Preview Assets.xcassets */; };
		21B0803B2C4D087F007BC655 /* PiriView.swift in Sources */ = {isa = PBXBuildFile; fileRef = 21B0803A2C4D087F007BC655 /* PiriView.swift */; };
		21B0803D2C4D0888007BC655 /* JaneView.swift in Sources */ = {isa = PBXBuildFile; fileRef = 21B0803C2C4D0888007BC655 /* JaneView.swift */; };
		21B0803F2C4D089F007BC655 /* SisiView.swift in Sources */ = {isa = PBXBuildFile; fileRef = 21B0803E2C4D089F007BC655 /* SisiView.swift */; };
		21B080412C4D08B2007BC655 /* NadaView.swift in Sources */ = {isa = PBXBuildFile; fileRef = 21B080402C4D08B2007BC655 /* NadaView.swift */; };
		21B080432C4D08C2007BC655 /* TestView.swift in Sources */ = {isa = PBXBuildFile; fileRef = 21B080422C4D08C2007BC655 /* TestView.swift */; };
		21B0806E2C516248007BC655 /* FindSpotView.swift in Sources */ = {isa = PBXBuildFile; fileRef = 21B0806D2C516248007BC655 /* FindSpotView.swift */; };
		21B080702C52844C007BC655 /* EmbededView.swift in Sources */ = {isa = PBXBuildFile; fileRef = 21B0806F2C52844C007BC655 /* EmbededView.swift */; };
		21B080722C52890A007BC655 /* WindyView.swift in Sources */ = {isa = PBXBuildFile; fileRef = 21B080712C52890A007BC655 /* WindyView.swift */; };
		21B080742C56DB7A007BC655 /* WindFinderView.swift in Sources */ = {isa = PBXBuildFile; fileRef = 21B080732C56DB7A007BC655 /* WindFinderView.swift */; };
		21B080762C578BC6007BC655 /* GoogleService-Info.plist in Resources */ = {isa = PBXBuildFile; fileRef = 21B080752C578BC6007BC655 /* GoogleService-Info.plist */; };
		21B080792C578CAB007BC655 /* FirebaseAnalytics in Frameworks */ = {isa = PBXBuildFile; productRef = 21B080782C578CAB007BC655 /* FirebaseAnalytics */; };
		21B0807B2C578CAB007BC655 /* FirebaseFirestore in Frameworks */ = {isa = PBXBuildFile; productRef = 21B0807A2C578CAB007BC655 /* FirebaseFirestore */; };
		21B0807D2C57C68D007BC655 /* FirebaseTestView.swift in Sources */ = {isa = PBXBuildFile; fileRef = 21B0807C2C57C68D007BC655 /* FirebaseTestView.swift */; };
		21B0807F2C587D3C007BC655 /* DummyData.swift in Sources */ = {isa = PBXBuildFile; fileRef = 21B0807E2C587D3C007BC655 /* DummyData.swift */; };
		21B080812C588261007BC655 /* WaveObservable.swift in Sources */ = {isa = PBXBuildFile; fileRef = 21B080802C588261007BC655 /* WaveObservable.swift */; };
		21EDE2412C5B1B2B00F973C0 /* ModelContext.swift in Sources */ = {isa = PBXBuildFile; fileRef = 21EDE2402C5B1B2B00F973C0 /* ModelContext.swift */; };
		21EDE2432C5B1C1D00F973C0 /* SDTestView.swift in Sources */ = {isa = PBXBuildFile; fileRef = 21EDE2422C5B1C1D00F973C0 /* SDTestView.swift */; };
		21EDE2452C5B8CA600F973C0 /* SwiftDataObservable.swift in Sources */ = {isa = PBXBuildFile; fileRef = 21EDE2442C5B8CA600F973C0 /* SwiftDataObservable.swift */; };
		719EA9C02C5768580090BAB5 /* FitChartView.swift in Sources */ = {isa = PBXBuildFile; fileRef = 719EA9BF2C5768580090BAB5 /* FitChartView.swift */; };
		719EA9C32C5770660090BAB5 /* Pretendard-Bold.otf in Resources */ = {isa = PBXBuildFile; fileRef = 719EA9C22C5770660090BAB5 /* Pretendard-Bold.otf */; };
		719EA9C52C57729E0090BAB5 /* Font.swift in Sources */ = {isa = PBXBuildFile; fileRef = 719EA9C42C57729E0090BAB5 /* Font.swift */; };
		719EA9CA2C57B13C0090BAB5 /* SF-Pro-Italic.ttf in Resources */ = {isa = PBXBuildFile; fileRef = 719EA9C82C57B13C0090BAB5 /* SF-Pro-Italic.ttf */; };
		719EA9CB2C57B13C0090BAB5 /* SF-Pro.ttf in Resources */ = {isa = PBXBuildFile; fileRef = 719EA9C92C57B13C0090BAB5 /* SF-Pro.ttf */; };
		89A63A182C59B7D100787DC4 /* MainView.swift in Sources */ = {isa = PBXBuildFile; fileRef = 89A63A172C59B7D100787DC4 /* MainView.swift */; };
		89A63A1B2C59E4B800787DC4 /* StatisticsView.swift in Sources */ = {isa = PBXBuildFile; fileRef = 89A63A1A2C59E4B800787DC4 /* StatisticsView.swift */; };
		89A63A1D2C59E4F200787DC4 /* RecentChartsVIew.swift in Sources */ = {isa = PBXBuildFile; fileRef = 89A63A1C2C59E4F200787DC4 /* RecentChartsVIew.swift */; };
		89A63A1F2C59E53100787DC4 /* PinChartsView.swift in Sources */ = {isa = PBXBuildFile; fileRef = 89A63A1E2C59E53100787DC4 /* PinChartsView.swift */; };
/* End PBXBuildFile section */

/* Begin PBXFileReference section */
		0CAF4CFC2C52B29D0054D347 /* SurfModel.swift */ = {isa = PBXFileReference; lastKnownFileType = sourcecode.swift; path = SurfModel.swift; sourceTree = SOURCE_ROOT; };
		21588AEC2C5BA95E003E3489 /* SDCheckView.swift */ = {isa = PBXFileReference; lastKnownFileType = sourcecode.swift; path = SDCheckView.swift; sourceTree = "<group>"; };
		21588AEE2C5BB312003E3489 /* FirebaseObservable.swift */ = {isa = PBXFileReference; lastKnownFileType = sourcecode.swift; path = FirebaseObservable.swift; sourceTree = "<group>"; };
		21B080292C4D0834007BC655 /* 2024-MC3-Team4-NewT.app */ = {isa = PBXFileReference; explicitFileType = wrapper.application; includeInIndex = 0; path = "2024-MC3-Team4-NewT.app"; sourceTree = BUILT_PRODUCTS_DIR; };
		21B0802C2C4D0834007BC655 /* _024_MC3_Team4_NewTApp.swift */ = {isa = PBXFileReference; lastKnownFileType = sourcecode.swift; path = _024_MC3_Team4_NewTApp.swift; sourceTree = "<group>"; };
		21B080302C4D0836007BC655 /* Assets.xcassets */ = {isa = PBXFileReference; lastKnownFileType = folder.assetcatalog; path = Assets.xcassets; sourceTree = "<group>"; };
		21B080332C4D0836007BC655 /* Preview Assets.xcassets */ = {isa = PBXFileReference; lastKnownFileType = folder.assetcatalog; path = "Preview Assets.xcassets"; sourceTree = "<group>"; };
		21B0803A2C4D087F007BC655 /* PiriView.swift */ = {isa = PBXFileReference; lastKnownFileType = sourcecode.swift; path = PiriView.swift; sourceTree = "<group>"; };
		21B0803C2C4D0888007BC655 /* JaneView.swift */ = {isa = PBXFileReference; lastKnownFileType = sourcecode.swift; path = JaneView.swift; sourceTree = "<group>"; };
		21B0803E2C4D089F007BC655 /* SisiView.swift */ = {isa = PBXFileReference; lastKnownFileType = sourcecode.swift; path = SisiView.swift; sourceTree = "<group>"; };
		21B080402C4D08B2007BC655 /* NadaView.swift */ = {isa = PBXFileReference; lastKnownFileType = sourcecode.swift; path = NadaView.swift; sourceTree = "<group>"; };
		21B080422C4D08C2007BC655 /* TestView.swift */ = {isa = PBXFileReference; lastKnownFileType = sourcecode.swift; path = TestView.swift; sourceTree = "<group>"; };
		21B0806D2C516248007BC655 /* FindSpotView.swift */ = {isa = PBXFileReference; lastKnownFileType = sourcecode.swift; path = FindSpotView.swift; sourceTree = "<group>"; };
		21B0806F2C52844C007BC655 /* EmbededView.swift */ = {isa = PBXFileReference; lastKnownFileType = sourcecode.swift; path = EmbededView.swift; sourceTree = "<group>"; };
		21B080712C52890A007BC655 /* WindyView.swift */ = {isa = PBXFileReference; lastKnownFileType = sourcecode.swift; path = WindyView.swift; sourceTree = "<group>"; };
		21B080732C56DB7A007BC655 /* WindFinderView.swift */ = {isa = PBXFileReference; lastKnownFileType = sourcecode.swift; path = WindFinderView.swift; sourceTree = "<group>"; };
		21B080752C578BC6007BC655 /* GoogleService-Info.plist */ = {isa = PBXFileReference; fileEncoding = 4; lastKnownFileType = text.plist.xml; path = "GoogleService-Info.plist"; sourceTree = "<group>"; };
		21B0807C2C57C68D007BC655 /* FirebaseTestView.swift */ = {isa = PBXFileReference; lastKnownFileType = sourcecode.swift; path = FirebaseTestView.swift; sourceTree = "<group>"; };
		21B0807E2C587D3C007BC655 /* DummyData.swift */ = {isa = PBXFileReference; lastKnownFileType = sourcecode.swift; path = DummyData.swift; sourceTree = "<group>"; };
		21B080802C588261007BC655 /* WaveObservable.swift */ = {isa = PBXFileReference; lastKnownFileType = sourcecode.swift; path = WaveObservable.swift; sourceTree = "<group>"; };
		21EDE2402C5B1B2B00F973C0 /* ModelContext.swift */ = {isa = PBXFileReference; lastKnownFileType = sourcecode.swift; path = ModelContext.swift; sourceTree = "<group>"; };
		21EDE2422C5B1C1D00F973C0 /* SDTestView.swift */ = {isa = PBXFileReference; lastKnownFileType = sourcecode.swift; path = SDTestView.swift; sourceTree = "<group>"; };
		21EDE2442C5B8CA600F973C0 /* SwiftDataObservable.swift */ = {isa = PBXFileReference; lastKnownFileType = sourcecode.swift; path = SwiftDataObservable.swift; sourceTree = "<group>"; };
		719EA9BF2C5768580090BAB5 /* FitChartView.swift */ = {isa = PBXFileReference; lastKnownFileType = sourcecode.swift; path = FitChartView.swift; sourceTree = "<group>"; };
		719EA9C12C576EA20090BAB5 /* -024-MC3-Team4-NewT-Info.plist */ = {isa = PBXFileReference; lastKnownFileType = text.plist; path = "-024-MC3-Team4-NewT-Info.plist"; sourceTree = SOURCE_ROOT; };
		719EA9C22C5770660090BAB5 /* Pretendard-Bold.otf */ = {isa = PBXFileReference; lastKnownFileType = file; path = "Pretendard-Bold.otf"; sourceTree = "<group>"; };
		719EA9C42C57729E0090BAB5 /* Font.swift */ = {isa = PBXFileReference; lastKnownFileType = sourcecode.swift; path = Font.swift; sourceTree = "<group>"; };
		719EA9C82C57B13C0090BAB5 /* SF-Pro-Italic.ttf */ = {isa = PBXFileReference; lastKnownFileType = file; path = "SF-Pro-Italic.ttf"; sourceTree = "<group>"; };
		719EA9C92C57B13C0090BAB5 /* SF-Pro.ttf */ = {isa = PBXFileReference; lastKnownFileType = file; path = "SF-Pro.ttf"; sourceTree = "<group>"; };
		719EA9CC2C5A56730090BAB5 /* RecordChartView.swift */ = {isa = PBXFileReference; lastKnownFileType = sourcecode.swift; path = RecordChartView.swift; sourceTree = "<group>"; };
		89A63A142C58982A00787DC4 /* Pretendard-ExtraLight.otf */ = {isa = PBXFileReference; lastKnownFileType = file; path = "Pretendard-ExtraLight.otf"; sourceTree = "<group>"; };
		89A63A152C58983700787DC4 /* Pretendard-Medium.otf */ = {isa = PBXFileReference; lastKnownFileType = file; path = "Pretendard-Medium.otf"; sourceTree = "<group>"; };
		89A63A172C59B7D100787DC4 /* MainView.swift */ = {isa = PBXFileReference; lastKnownFileType = sourcecode.swift; path = MainView.swift; sourceTree = "<group>"; };
		89A63A192C59B9CF00787DC4 /* Pretendard-SemiBold.otf */ = {isa = PBXFileReference; lastKnownFileType = file; name = "Pretendard-SemiBold.otf"; path = "../../../../../../Downloads/Pretendard-1/public/static/Pretendard-SemiBold.otf"; sourceTree = "<group>"; };
		89A63A1A2C59E4B800787DC4 /* StatisticsView.swift */ = {isa = PBXFileReference; lastKnownFileType = sourcecode.swift; path = StatisticsView.swift; sourceTree = "<group>"; };
		89A63A1C2C59E4F200787DC4 /* RecentChartsVIew.swift */ = {isa = PBXFileReference; lastKnownFileType = sourcecode.swift; path = RecentChartsVIew.swift; sourceTree = "<group>"; };
		89A63A1E2C59E53100787DC4 /* PinChartsView.swift */ = {isa = PBXFileReference; lastKnownFileType = sourcecode.swift; path = PinChartsView.swift; sourceTree = "<group>"; };
/* End PBXFileReference section */

/* Begin PBXFrameworksBuildPhase section */
		21B080262C4D0834007BC655 /* Frameworks */ = {
			isa = PBXFrameworksBuildPhase;
			buildActionMask = 2147483647;
			files = (
				21B080792C578CAB007BC655 /* FirebaseAnalytics in Frameworks */,
				21B0807B2C578CAB007BC655 /* FirebaseFirestore in Frameworks */,
			);
			runOnlyForDeploymentPostprocessing = 0;
		};
/* End PBXFrameworksBuildPhase section */

/* Begin PBXGroup section */
		21B080202C4D0834007BC655 = {
			isa = PBXGroup;
			children = (
				21B0802B2C4D0834007BC655 /* 2024-MC3-Team4-NewT */,
				21B0802A2C4D0834007BC655 /* Products */,
			);
			sourceTree = "<group>";
		};
		21B0802A2C4D0834007BC655 /* Products */ = {
			isa = PBXGroup;
			children = (
				21B080292C4D0834007BC655 /* 2024-MC3-Team4-NewT.app */,
			);
			name = Products;
			sourceTree = "<group>";
		};
		21B0802B2C4D0834007BC655 /* 2024-MC3-Team4-NewT */ = {
			isa = PBXGroup;
			children = (
				719EA9C12C576EA20090BAB5 /* -024-MC3-Team4-NewT-Info.plist */,
				21B080672C4F345D007BC655 /* Resource */,
				21B080682C4F3472007BC655 /* Supporting File */,
				21B080692C4F347A007BC655 /* Source */,
				21B080322C4D0836007BC655 /* Preview Content */,
			);
			path = "2024-MC3-Team4-NewT";
			sourceTree = "<group>";
		};
		21B080322C4D0836007BC655 /* Preview Content */ = {
			isa = PBXGroup;
			children = (
				21B080332C4D0836007BC655 /* Preview Assets.xcassets */,
			);
			path = "Preview Content";
			sourceTree = "<group>";
		};
		21B080442C4D08D3007BC655 /* View */ = {
			isa = PBXGroup;
			children = (
				21B0806F2C52844C007BC655 /* EmbededView.swift */,
				21B0806D2C516248007BC655 /* FindSpotView.swift */,
				21B0807C2C57C68D007BC655 /* FirebaseTestView.swift */,
				719EA9BF2C5768580090BAB5 /* FitChartView.swift */,
				21B0803C2C4D0888007BC655 /* JaneView.swift */,
				89A63A172C59B7D100787DC4 /* MainView.swift */,
				21B080402C4D08B2007BC655 /* NadaView.swift */,
				89A63A1E2C59E53100787DC4 /* PinChartsView.swift */,
				21B0803A2C4D087F007BC655 /* PiriView.swift */,
				89A63A1C2C59E4F200787DC4 /* RecentChartsVIew.swift */,
				719EA9CC2C5A56730090BAB5 /* RecordChartView.swift */,
				21588AEC2C5BA95E003E3489 /* SDCheckView.swift */,
				21EDE2422C5B1C1D00F973C0 /* SDTestView.swift */,
				21B0803E2C4D089F007BC655 /* SisiView.swift */,
				89A63A1A2C59E4B800787DC4 /* StatisticsView.swift */,
				21B080422C4D08C2007BC655 /* TestView.swift */,
				21B080732C56DB7A007BC655 /* WindFinderView.swift */,
				21B080712C52890A007BC655 /* WindyView.swift */,
			);
			path = View;
			sourceTree = "<group>";
		};
		21B080452C4D08DB007BC655 /* Model */ = {
			isa = PBXGroup;
			children = (
				21B0807E2C587D3C007BC655 /* DummyData.swift */,
				0CAF4CFC2C52B29D0054D347 /* SurfModel.swift */,
			);
			path = Model;
			sourceTree = "<group>";
		};
		21B080462C4D08E2007BC655 /* ViewModel */ = {
			isa = PBXGroup;
			children = (
				21588AEE2C5BB312003E3489 /* FirebaseObservable.swift */,
				21EDE2442C5B8CA600F973C0 /* SwiftDataObservable.swift */,
				21B080802C588261007BC655 /* WaveObservable.swift */,
			);
			path = ViewModel;
			sourceTree = "<group>";
		};
		21B080672C4F345D007BC655 /* Resource */ = {
			isa = PBXGroup;
			children = (
				21B080302C4D0836007BC655 /* Assets.xcassets */,
				21B0806B2C4F355A007BC655 /* Constant */,
				21EDE23F2C5B1B1B00F973C0 /* Extension */,
				21B0806A2C4F354D007BC655 /* Font */,
			);
			path = Resource;
			sourceTree = "<group>";
		};
		21B080682C4F3472007BC655 /* Supporting File */ = {
			isa = PBXGroup;
			children = (
			);
			path = "Supporting File";
			sourceTree = "<group>";
		};
		21B080692C4F347A007BC655 /* Source */ = {
			isa = PBXGroup;
			children = (
				21B0806C2C4F358D007BC655 /* App */,
				21B080442C4D08D3007BC655 /* View */,
				21B080462C4D08E2007BC655 /* ViewModel */,
				21B080452C4D08DB007BC655 /* Model */,
			);
			path = Source;
			sourceTree = "<group>";
		};
		21B0806A2C4F354D007BC655 /* Font */ = {
			isa = PBXGroup;
			children = (
				719EA9C42C57729E0090BAB5 /* Font.swift */,
				719EA9C22C5770660090BAB5 /* Pretendard-Bold.otf */,
				89A63A152C58983700787DC4 /* Pretendard-Medium.otf */,
				89A63A142C58982A00787DC4 /* Pretendard-ExtraLight.otf */,
				89A63A192C59B9CF00787DC4 /* Pretendard-SemiBold.otf */,
				719EA9C82C57B13C0090BAB5 /* SF-Pro-Italic.ttf */,
				719EA9C92C57B13C0090BAB5 /* SF-Pro.ttf */,
			);
			path = Font;
			sourceTree = "<group>";
		};
		21B0806B2C4F355A007BC655 /* Constant */ = {
			isa = PBXGroup;
			children = (
			);
			path = Constant;
			sourceTree = "<group>";
		};
		21B0806C2C4F358D007BC655 /* App */ = {
			isa = PBXGroup;
			children = (
				21B080752C578BC6007BC655 /* GoogleService-Info.plist */,
				21B0802C2C4D0834007BC655 /* _024_MC3_Team4_NewTApp.swift */,
			);
			path = App;
			sourceTree = "<group>";
		};
		21EDE23F2C5B1B1B00F973C0 /* Extension */ = {
			isa = PBXGroup;
			children = (
				21EDE2402C5B1B2B00F973C0 /* ModelContext.swift */,
			);
			path = Extension;
			sourceTree = "<group>";
		};
/* End PBXGroup section */

/* Begin PBXNativeTarget section */
		21B080282C4D0834007BC655 /* 2024-MC3-Team4-NewT */ = {
			isa = PBXNativeTarget;
			buildConfigurationList = 21B080372C4D0836007BC655 /* Build configuration list for PBXNativeTarget "2024-MC3-Team4-NewT" */;
			buildPhases = (
				21B080252C4D0834007BC655 /* Sources */,
				21B080262C4D0834007BC655 /* Frameworks */,
				21B080272C4D0834007BC655 /* Resources */,
			);
			buildRules = (
			);
			dependencies = (
			);
			name = "2024-MC3-Team4-NewT";
			packageProductDependencies = (
				21B080782C578CAB007BC655 /* FirebaseAnalytics */,
				21B0807A2C578CAB007BC655 /* FirebaseFirestore */,
			);
			productName = "2024-MC3-Team4-NewT";
			productReference = 21B080292C4D0834007BC655 /* 2024-MC3-Team4-NewT.app */;
			productType = "com.apple.product-type.application";
		};
/* End PBXNativeTarget section */

/* Begin PBXProject section */
		21B080212C4D0834007BC655 /* Project object */ = {
			isa = PBXProject;
			attributes = {
				BuildIndependentTargetsInParallel = 1;
				LastSwiftUpdateCheck = 1540;
				LastUpgradeCheck = 1540;
				TargetAttributes = {
					21B080282C4D0834007BC655 = {
						CreatedOnToolsVersion = 15.4;
					};
				};
			};
			buildConfigurationList = 21B080242C4D0834007BC655 /* Build configuration list for PBXProject "2024-MC3-Team4-NewT" */;
			compatibilityVersion = "Xcode 14.0";
			developmentRegion = en;
			hasScannedForEncodings = 0;
			knownRegions = (
				en,
				Base,
			);
			mainGroup = 21B080202C4D0834007BC655;
			packageReferences = (
				21B080772C578CAB007BC655 /* XCRemoteSwiftPackageReference "firebase-ios-sdk" */,
			);
			productRefGroup = 21B0802A2C4D0834007BC655 /* Products */;
			projectDirPath = "";
			projectRoot = "";
			targets = (
				21B080282C4D0834007BC655 /* 2024-MC3-Team4-NewT */,
			);
		};
/* End PBXProject section */

/* Begin PBXResourcesBuildPhase section */
		21B080272C4D0834007BC655 /* Resources */ = {
			isa = PBXResourcesBuildPhase;
			buildActionMask = 2147483647;
			files = (
				21B080342C4D0836007BC655 /* Preview Assets.xcassets in Resources */,
				719EA9CB2C57B13C0090BAB5 /* SF-Pro.ttf in Resources */,
				719EA9C32C5770660090BAB5 /* Pretendard-Bold.otf in Resources */,
				21B080312C4D0836007BC655 /* Assets.xcassets in Resources */,
				21B080762C578BC6007BC655 /* GoogleService-Info.plist in Resources */,
				719EA9CA2C57B13C0090BAB5 /* SF-Pro-Italic.ttf in Resources */,
			);
			runOnlyForDeploymentPostprocessing = 0;
		};
/* End PBXResourcesBuildPhase section */

/* Begin PBXSourcesBuildPhase section */
		21B080252C4D0834007BC655 /* Sources */ = {
			isa = PBXSourcesBuildPhase;
			buildActionMask = 2147483647;
			files = (
				21B080742C56DB7A007BC655 /* WindFinderView.swift in Sources */,
				21588AEF2C5BB312003E3489 /* FirebaseObservable.swift in Sources */,
				719EA9C02C5768580090BAB5 /* FitChartView.swift in Sources */,
				21B080432C4D08C2007BC655 /* TestView.swift in Sources */,
				21EDE2432C5B1C1D00F973C0 /* SDTestView.swift in Sources */,
				21B0807F2C587D3C007BC655 /* DummyData.swift in Sources */,
				21B080412C4D08B2007BC655 /* NadaView.swift in Sources */,
				89A63A1F2C59E53100787DC4 /* PinChartsView.swift in Sources */,
				21B0803F2C4D089F007BC655 /* SisiView.swift in Sources */,
				21B0802D2C4D0834007BC655 /* _024_MC3_Team4_NewTApp.swift in Sources */,
				21EDE2412C5B1B2B00F973C0 /* ModelContext.swift in Sources */,
				21B080812C588261007BC655 /* WaveObservable.swift in Sources */,
				0CAF4CFD2C52B29D0054D347 /* SurfModel.swift in Sources */,
				21588AED2C5BA95E003E3489 /* SDCheckView.swift in Sources */,
				21B0807D2C57C68D007BC655 /* FirebaseTestView.swift in Sources */,
				719EA9C52C57729E0090BAB5 /* Font.swift in Sources */,
				89A63A182C59B7D100787DC4 /* MainView.swift in Sources */,
				21EDE2452C5B8CA600F973C0 /* SwiftDataObservable.swift in Sources */,
				21B0803D2C4D0888007BC655 /* JaneView.swift in Sources */,
				89A63A1B2C59E4B800787DC4 /* StatisticsView.swift in Sources */,
				21B080702C52844C007BC655 /* EmbededView.swift in Sources */,
				21B0803B2C4D087F007BC655 /* PiriView.swift in Sources */,
				89A63A1D2C59E4F200787DC4 /* RecentChartsVIew.swift in Sources */,
				21B0806E2C516248007BC655 /* FindSpotView.swift in Sources */,
				21B080722C52890A007BC655 /* WindyView.swift in Sources */,
			);
			runOnlyForDeploymentPostprocessing = 0;
		};
/* End PBXSourcesBuildPhase section */

/* Begin XCBuildConfiguration section */
		21B080352C4D0836007BC655 /* Debug */ = {
			isa = XCBuildConfiguration;
			buildSettings = {
				ALWAYS_SEARCH_USER_PATHS = NO;
				ASSETCATALOG_COMPILER_GENERATE_SWIFT_ASSET_SYMBOL_EXTENSIONS = YES;
				CLANG_ANALYZER_NONNULL = YES;
				CLANG_ANALYZER_NUMBER_OBJECT_CONVERSION = YES_AGGRESSIVE;
				CLANG_CXX_LANGUAGE_STANDARD = "gnu++20";
				CLANG_ENABLE_MODULES = YES;
				CLANG_ENABLE_OBJC_ARC = YES;
				CLANG_ENABLE_OBJC_WEAK = YES;
				CLANG_WARN_BLOCK_CAPTURE_AUTORELEASING = YES;
				CLANG_WARN_BOOL_CONVERSION = YES;
				CLANG_WARN_COMMA = YES;
				CLANG_WARN_CONSTANT_CONVERSION = YES;
				CLANG_WARN_DEPRECATED_OBJC_IMPLEMENTATIONS = YES;
				CLANG_WARN_DIRECT_OBJC_ISA_USAGE = YES_ERROR;
				CLANG_WARN_DOCUMENTATION_COMMENTS = YES;
				CLANG_WARN_EMPTY_BODY = YES;
				CLANG_WARN_ENUM_CONVERSION = YES;
				CLANG_WARN_INFINITE_RECURSION = YES;
				CLANG_WARN_INT_CONVERSION = YES;
				CLANG_WARN_NON_LITERAL_NULL_CONVERSION = YES;
				CLANG_WARN_OBJC_IMPLICIT_RETAIN_SELF = YES;
				CLANG_WARN_OBJC_LITERAL_CONVERSION = YES;
				CLANG_WARN_OBJC_ROOT_CLASS = YES_ERROR;
				CLANG_WARN_QUOTED_INCLUDE_IN_FRAMEWORK_HEADER = YES;
				CLANG_WARN_RANGE_LOOP_ANALYSIS = YES;
				CLANG_WARN_STRICT_PROTOTYPES = YES;
				CLANG_WARN_SUSPICIOUS_MOVE = YES;
				CLANG_WARN_UNGUARDED_AVAILABILITY = YES_AGGRESSIVE;
				CLANG_WARN_UNREACHABLE_CODE = YES;
				CLANG_WARN__DUPLICATE_METHOD_MATCH = YES;
				COPY_PHASE_STRIP = NO;
				DEBUG_INFORMATION_FORMAT = dwarf;
				ENABLE_STRICT_OBJC_MSGSEND = YES;
				ENABLE_TESTABILITY = YES;
				ENABLE_USER_SCRIPT_SANDBOXING = YES;
				GCC_C_LANGUAGE_STANDARD = gnu17;
				GCC_DYNAMIC_NO_PIC = NO;
				GCC_NO_COMMON_BLOCKS = YES;
				GCC_OPTIMIZATION_LEVEL = 0;
				GCC_PREPROCESSOR_DEFINITIONS = (
					"DEBUG=1",
					"$(inherited)",
				);
				GCC_WARN_64_TO_32_BIT_CONVERSION = YES;
				GCC_WARN_ABOUT_RETURN_TYPE = YES_ERROR;
				GCC_WARN_UNDECLARED_SELECTOR = YES;
				GCC_WARN_UNINITIALIZED_AUTOS = YES_AGGRESSIVE;
				GCC_WARN_UNUSED_FUNCTION = YES;
				GCC_WARN_UNUSED_VARIABLE = YES;
				IPHONEOS_DEPLOYMENT_TARGET = 17.4;
				LOCALIZATION_PREFERS_STRING_CATALOGS = YES;
				MTL_ENABLE_DEBUG_INFO = INCLUDE_SOURCE;
				MTL_FAST_MATH = YES;
				ONLY_ACTIVE_ARCH = YES;
				SDKROOT = iphoneos;
				SWIFT_ACTIVE_COMPILATION_CONDITIONS = "DEBUG $(inherited)";
				SWIFT_OPTIMIZATION_LEVEL = "-Onone";
			};
			name = Debug;
		};
		21B080362C4D0836007BC655 /* Release */ = {
			isa = XCBuildConfiguration;
			buildSettings = {
				ALWAYS_SEARCH_USER_PATHS = NO;
				ASSETCATALOG_COMPILER_GENERATE_SWIFT_ASSET_SYMBOL_EXTENSIONS = YES;
				CLANG_ANALYZER_NONNULL = YES;
				CLANG_ANALYZER_NUMBER_OBJECT_CONVERSION = YES_AGGRESSIVE;
				CLANG_CXX_LANGUAGE_STANDARD = "gnu++20";
				CLANG_ENABLE_MODULES = YES;
				CLANG_ENABLE_OBJC_ARC = YES;
				CLANG_ENABLE_OBJC_WEAK = YES;
				CLANG_WARN_BLOCK_CAPTURE_AUTORELEASING = YES;
				CLANG_WARN_BOOL_CONVERSION = YES;
				CLANG_WARN_COMMA = YES;
				CLANG_WARN_CONSTANT_CONVERSION = YES;
				CLANG_WARN_DEPRECATED_OBJC_IMPLEMENTATIONS = YES;
				CLANG_WARN_DIRECT_OBJC_ISA_USAGE = YES_ERROR;
				CLANG_WARN_DOCUMENTATION_COMMENTS = YES;
				CLANG_WARN_EMPTY_BODY = YES;
				CLANG_WARN_ENUM_CONVERSION = YES;
				CLANG_WARN_INFINITE_RECURSION = YES;
				CLANG_WARN_INT_CONVERSION = YES;
				CLANG_WARN_NON_LITERAL_NULL_CONVERSION = YES;
				CLANG_WARN_OBJC_IMPLICIT_RETAIN_SELF = YES;
				CLANG_WARN_OBJC_LITERAL_CONVERSION = YES;
				CLANG_WARN_OBJC_ROOT_CLASS = YES_ERROR;
				CLANG_WARN_QUOTED_INCLUDE_IN_FRAMEWORK_HEADER = YES;
				CLANG_WARN_RANGE_LOOP_ANALYSIS = YES;
				CLANG_WARN_STRICT_PROTOTYPES = YES;
				CLANG_WARN_SUSPICIOUS_MOVE = YES;
				CLANG_WARN_UNGUARDED_AVAILABILITY = YES_AGGRESSIVE;
				CLANG_WARN_UNREACHABLE_CODE = YES;
				CLANG_WARN__DUPLICATE_METHOD_MATCH = YES;
				COPY_PHASE_STRIP = NO;
				DEBUG_INFORMATION_FORMAT = "dwarf-with-dsym";
				ENABLE_NS_ASSERTIONS = NO;
				ENABLE_STRICT_OBJC_MSGSEND = YES;
				ENABLE_USER_SCRIPT_SANDBOXING = YES;
				GCC_C_LANGUAGE_STANDARD = gnu17;
				GCC_NO_COMMON_BLOCKS = YES;
				GCC_WARN_64_TO_32_BIT_CONVERSION = YES;
				GCC_WARN_ABOUT_RETURN_TYPE = YES_ERROR;
				GCC_WARN_UNDECLARED_SELECTOR = YES;
				GCC_WARN_UNINITIALIZED_AUTOS = YES_AGGRESSIVE;
				GCC_WARN_UNUSED_FUNCTION = YES;
				GCC_WARN_UNUSED_VARIABLE = YES;
				IPHONEOS_DEPLOYMENT_TARGET = 17.4;
				LOCALIZATION_PREFERS_STRING_CATALOGS = YES;
				MTL_ENABLE_DEBUG_INFO = NO;
				MTL_FAST_MATH = YES;
				SDKROOT = iphoneos;
				SWIFT_COMPILATION_MODE = wholemodule;
				VALIDATE_PRODUCT = YES;
			};
			name = Release;
		};
		21B080382C4D0836007BC655 /* Debug */ = {
			isa = XCBuildConfiguration;
			buildSettings = {
				ASSETCATALOG_COMPILER_APPICON_NAME = AppIcon;
				ASSETCATALOG_COMPILER_GLOBAL_ACCENT_COLOR_NAME = AccentColor;
				CODE_SIGN_STYLE = Automatic;
				CURRENT_PROJECT_VERSION = 1;
				DEVELOPMENT_ASSET_PATHS = "\"2024-MC3-Team4-NewT/Preview Content\"";
				DEVELOPMENT_TEAM = F5WP2FDW4U;
				ENABLE_PREVIEWS = YES;
				GENERATE_INFOPLIST_FILE = YES;
				INFOPLIST_FILE = "-024-MC3-Team4-NewT-Info.plist";
				INFOPLIST_KEY_UIApplicationSceneManifest_Generation = YES;
				INFOPLIST_KEY_UIApplicationSupportsIndirectInputEvents = YES;
				INFOPLIST_KEY_UILaunchScreen_Generation = YES;
				INFOPLIST_KEY_UISupportedInterfaceOrientations_iPad = "UIInterfaceOrientationPortrait UIInterfaceOrientationPortraitUpsideDown UIInterfaceOrientationLandscapeLeft UIInterfaceOrientationLandscapeRight";
				INFOPLIST_KEY_UISupportedInterfaceOrientations_iPhone = "UIInterfaceOrientationPortrait UIInterfaceOrientationLandscapeLeft UIInterfaceOrientationLandscapeRight";
				LD_RUNPATH_SEARCH_PATHS = (
					"$(inherited)",
					"@executable_path/Frameworks",
				);
				MARKETING_VERSION = 1.0;
				PRODUCT_BUNDLE_IDENTIFIER = "com.ADA.-024-MC3-Team4-NewT";
				PRODUCT_NAME = "$(TARGET_NAME)";
				SWIFT_EMIT_LOC_STRINGS = YES;
				SWIFT_VERSION = 5.0;
				TARGETED_DEVICE_FAMILY = "1,2";
			};
			name = Debug;
		};
		21B080392C4D0836007BC655 /* Release */ = {
			isa = XCBuildConfiguration;
			buildSettings = {
				ASSETCATALOG_COMPILER_APPICON_NAME = AppIcon;
				ASSETCATALOG_COMPILER_GLOBAL_ACCENT_COLOR_NAME = AccentColor;
				CODE_SIGN_STYLE = Automatic;
				CURRENT_PROJECT_VERSION = 1;
				DEVELOPMENT_ASSET_PATHS = "\"2024-MC3-Team4-NewT/Preview Content\"";
				DEVELOPMENT_TEAM = F5WP2FDW4U;
				ENABLE_PREVIEWS = YES;
				GENERATE_INFOPLIST_FILE = YES;
				INFOPLIST_FILE = "-024-MC3-Team4-NewT-Info.plist";
				INFOPLIST_KEY_UIApplicationSceneManifest_Generation = YES;
				INFOPLIST_KEY_UIApplicationSupportsIndirectInputEvents = YES;
				INFOPLIST_KEY_UILaunchScreen_Generation = YES;
				INFOPLIST_KEY_UISupportedInterfaceOrientations_iPad = "UIInterfaceOrientationPortrait UIInterfaceOrientationPortraitUpsideDown UIInterfaceOrientationLandscapeLeft UIInterfaceOrientationLandscapeRight";
				INFOPLIST_KEY_UISupportedInterfaceOrientations_iPhone = "UIInterfaceOrientationPortrait UIInterfaceOrientationLandscapeLeft UIInterfaceOrientationLandscapeRight";
				LD_RUNPATH_SEARCH_PATHS = (
					"$(inherited)",
					"@executable_path/Frameworks",
				);
				MARKETING_VERSION = 1.0;
				PRODUCT_BUNDLE_IDENTIFIER = "com.ADA.-024-MC3-Team4-NewT";
				PRODUCT_NAME = "$(TARGET_NAME)";
				SWIFT_EMIT_LOC_STRINGS = YES;
				SWIFT_VERSION = 5.0;
				TARGETED_DEVICE_FAMILY = "1,2";
			};
			name = Release;
		};
/* End XCBuildConfiguration section */

/* Begin XCConfigurationList section */
		21B080242C4D0834007BC655 /* Build configuration list for PBXProject "2024-MC3-Team4-NewT" */ = {
			isa = XCConfigurationList;
			buildConfigurations = (
				21B080352C4D0836007BC655 /* Debug */,
				21B080362C4D0836007BC655 /* Release */,
			);
			defaultConfigurationIsVisible = 0;
			defaultConfigurationName = Release;
		};
		21B080372C4D0836007BC655 /* Build configuration list for PBXNativeTarget "2024-MC3-Team4-NewT" */ = {
			isa = XCConfigurationList;
			buildConfigurations = (
				21B080382C4D0836007BC655 /* Debug */,
				21B080392C4D0836007BC655 /* Release */,
			);
			defaultConfigurationIsVisible = 0;
			defaultConfigurationName = Release;
		};
/* End XCConfigurationList section */

/* Begin XCRemoteSwiftPackageReference section */
		21B080772C578CAB007BC655 /* XCRemoteSwiftPackageReference "firebase-ios-sdk" */ = {
			isa = XCRemoteSwiftPackageReference;
			repositoryURL = "https://github.com/firebase/firebase-ios-sdk";
			requirement = {
				kind = upToNextMajorVersion;
				minimumVersion = 10.29.0;
			};
		};
/* End XCRemoteSwiftPackageReference section */

/* Begin XCSwiftPackageProductDependency section */
		21B080782C578CAB007BC655 /* FirebaseAnalytics */ = {
			isa = XCSwiftPackageProductDependency;
			package = 21B080772C578CAB007BC655 /* XCRemoteSwiftPackageReference "firebase-ios-sdk" */;
			productName = FirebaseAnalytics;
		};
		21B0807A2C578CAB007BC655 /* FirebaseFirestore */ = {
			isa = XCSwiftPackageProductDependency;
			package = 21B080772C578CAB007BC655 /* XCRemoteSwiftPackageReference "firebase-ios-sdk" */;
			productName = FirebaseFirestore;
		};
/* End XCSwiftPackageProductDependency section */
	};
	rootObject = 21B080212C4D0834007BC655 /* Project object */;
}
